
Microsoft Visual Studio Solution File, Format Version 12.00
# Visual Studio 15
VisualStudioVersion = 15.0.28307.168
MinimumVisualStudioVersion = 10.0.40219.1
Project("{FAE04EC0-301F-11D3-BF4B-00C04F79EFBC}") = "AIMReports", "AIMReports\AIMReports.csproj", "{35BB430F-8058-40E0-B1AB-8E5D0246214A}"
EndProject
Project("{F184B08F-C81C-45F6-A57F-5ABD9991F28F}") = "AIMSEmailer", "..\AIMSEmailer\AIMSEmailer.vbproj", "{24F4AD28-EF58-4CBB-8DBB-BDBE0655856C}"
EndProject
Project("{FAE04EC0-301F-11D3-BF4B-00C04F79EFBC}") = "WeeklyAIMSReports", "..\WeeklyAIMSReports\WeeklyAIMSReports.csproj", "{757C7F54-4810-43F5-93DF-E03EA86B6F26}"
EndProject
Project("{FAE04EC0-301F-11D3-BF4B-00C04F79EFBC}") = "MonthlyAIMSReports", "..\MonthlyAIMSReports\MonthlyAIMSReports\MonthlyAIMSReports.csproj", "{888B7840-512B-4587-8407-AEDC9A50AB09}"
EndProject
Global
	GlobalSection(SolutionConfigurationPlatforms) = preSolution
		Debug|Any CPU = Debug|Any CPU
		Release|Any CPU = Release|Any CPU
	EndGlobalSection
	GlobalSection(ProjectConfigurationPlatforms) = postSolution
		{35BB430F-8058-40E0-B1AB-8E5D0246214A}.Debug|Any CPU.ActiveCfg = Debug|Any CPU
		{35BB430F-8058-40E0-B1AB-8E5D0246214A}.Debug|Any CPU.Build.0 = Debug|Any CPU
		{35BB430F-8058-40E0-B1AB-8E5D0246214A}.Release|Any CPU.ActiveCfg = Release|Any CPU
		{35BB430F-8058-40E0-B1AB-8E5D0246214A}.Release|Any CPU.Build.0 = Release|Any CPU
		{24F4AD28-EF58-4CBB-8DBB-BDBE0655856C}.Debug|Any CPU.ActiveCfg = Debug|Any CPU
		{24F4AD28-EF58-4CBB-8DBB-BDBE0655856C}.Debug|Any CPU.Build.0 = Debug|Any CPU
		{24F4AD28-EF58-4CBB-8DBB-BDBE0655856C}.Release|Any CPU.ActiveCfg = Release|Any CPU
		{24F4AD28-EF58-4CBB-8DBB-BDBE0655856C}.Release|Any CPU.Build.0 = Release|Any CPU
		{757C7F54-4810-43F5-93DF-E03EA86B6F26}.Debug|Any CPU.ActiveCfg = Debug|Any CPU
		{757C7F54-4810-43F5-93DF-E03EA86B6F26}.Debug|Any CPU.Build.0 = Debug|Any CPU
		{757C7F54-4810-43F5-93DF-E03EA86B6F26}.Release|Any CPU.ActiveCfg = Release|Any CPU
		{757C7F54-4810-43F5-93DF-E03EA86B6F26}.Release|Any CPU.Build.0 = Release|Any CPU
		{888B7840-512B-4587-8407-AEDC9A50AB09}.Debug|Any CPU.ActiveCfg = Debug|Any CPU
		{888B7840-512B-4587-8407-AEDC9A50AB09}.Debug|Any CPU.Build.0 = Debug|Any CPU
		{888B7840-512B-4587-8407-AEDC9A50AB09}.Release|Any CPU.ActiveCfg = Release|Any CPU
		{888B7840-512B-4587-8407-AEDC9A50AB09}.Release|Any CPU.Build.0 = Release|Any CPU
	EndGlobalSection
	GlobalSection(SolutionProperties) = preSolution
		HideSolutionNode = FALSE
	EndGlobalSection
	GlobalSection(ExtensibilityGlobals) = postSolution
		SolutionGuid = {BBDDDFEA-9BEB-4226-9032-E50B7B50C211}
	EndGlobalSection
EndGlobal
