
Microsoft Visual Studio Solution File, Format Version 9.00
# Visual Studio 2005
Project("{FAE04EC0-301F-11D3-BF4B-00C04F79EFBC}") = "AimsLogin", "AimsLogin.csproj", "{863A5424-164F-470B-AE2A-BCB7FAA9C9CA}"
EndProject
Project("{FAE04EC0-301F-11D3-BF4B-00C04F79EFBC}") = "AIMS.DAL", "E:\AIMSClient\DAL\AIMS.DAL.csproj", "{4756EB9F-4537-4262-9FB2-E69471639FD7}"
EndProject
Global
	GlobalSection(SolutionConfigurationPlatforms) = preSolution
		Debug|Any CPU = Debug|Any CPU
		Release|Any CPU = Release|Any CPU
	EndGlobalSection
	GlobalSection(ProjectConfigurationPlatforms) = postSolution
		{863A5424-164F-470B-AE2A-BCB7FAA9C9CA}.Debug|Any CPU.ActiveCfg = Debug|Any CPU
		{863A5424-164F-470B-AE2A-BCB7FAA9C9CA}.Debug|Any CPU.Build.0 = Debug|Any CPU
		{863A5424-164F-470B-AE2A-BCB7FAA9C9CA}.Release|Any CPU.ActiveCfg = Release|Any CPU
		{863A5424-164F-470B-AE2A-BCB7FAA9C9CA}.Release|Any CPU.Build.0 = Release|Any CPU
		{4756EB9F-4537-4262-9FB2-E69471639FD7}.Debug|Any CPU.ActiveCfg = Debug|Any CPU
		{4756EB9F-4537-4262-9FB2-E69471639FD7}.Debug|Any CPU.Build.0 = Debug|Any CPU
		{4756EB9F-4537-4262-9FB2-E69471639FD7}.Release|Any CPU.ActiveCfg = Release|Any CPU
		{4756EB9F-4537-4262-9FB2-E69471639FD7}.Release|Any CPU.Build.0 = Release|Any CPU
	EndGlobalSection
	GlobalSection(SolutionProperties) = preSolution
		HideSolutionNode = FALSE
	EndGlobalSection
EndGlobal
